
// !$*UTF8*$!
{
	archiveVersion = 1;
	classes = {
	};
	objectVersion = 50;
	objects = {

/* Begin PBXBuildFile section */
		6C460512239EDE860069427F /* AppDelegate.swift in Sources */ = {isa = PBXBuildFile; fileRef = 6C460511239EDE860069427F /* AppDelegate.swift */; };
		6C460514239EDE860069427F /* SceneDelegate.swift in Sources */ = {isa = PBXBuildFile; fileRef = 6C460513239EDE860069427F /* SceneDelegate.swift */; };
		6C460516239EDE860069427F /* ViewController.swift in Sources */ = {isa = PBXBuildFile; fileRef = 6C460515239EDE860069427F /* ViewController.swift */; };
		6C460519239EDE860069427F /* Main.storyboard in Resources */ = {isa = PBXBuildFile; fileRef = 6C460517239EDE860069427F /* Main.storyboard */; };
		6C46051B239EDE8A0069427F /* Assets.xcassets in Resources */ = {isa = PBXBuildFile; fileRef = 6C46051A239EDE8A0069427F /* Assets.xcassets */; };
		6C46051E239EDE8A0069427F /* LaunchScreen.storyboard in Resources */ = {isa = PBXBuildFile; fileRef = 6C46051C239EDE8A0069427F /* LaunchScreen.storyboard */; };
		6C460529239EDE8A0069427F /* SnakeGame_MachineLearning_Tests.swift in Sources */ = {isa = PBXBuildFile; fileRef = 6C460528239EDE8A0069427F /* SnakeGame_MachineLearning_Tests.swift */; };
		6C460534239EDEE00069427F /* CustomData.swift in Sources */ = {isa = PBXBuildFile; fileRef = 6C460533239EDEE00069427F /* CustomData.swift */; };
		6C460538239F22EA0069427F /* LearningData.swift in Sources */ = {isa = PBXBuildFile; fileRef = 6C460537239F22EA0069427F /* LearningData.swift */; };
/* End PBXBuildFile section */

/* Begin PBXContainerItemProxy section */
		6C460525239EDE8A0069427F /* PBXContainerItemProxy */ = {
			isa = PBXContainerItemProxy;
			containerPortal = 6C460506239EDE860069427F /* Project object */;
			proxyType = 1;
			remoteGlobalIDString = 6C46050D239EDE860069427F;
			remoteInfo = "SnakeGame-MachineLearning-";
		};
/* End PBXContainerItemProxy section */

/* Begin PBXFileReference section */
		6C46050E239EDE860069427F /* SnakeGame-MachineLearning-.app */ = {isa = PBXFileReference; explicitFileType = wrapper.application; includeInIndex = 0; path = "SnakeGame-MachineLearning-.app"; sourceTree = BUILT_PRODUCTS_DIR; };
		6C460511239EDE860069427F /* AppDelegate.swift */ = {isa = PBXFileReference; lastKnownFileType = sourcecode.swift; path = AppDelegate.swift; sourceTree = "<group>"; };
		6C460513239EDE860069427F /* SceneDelegate.swift */ = {isa = PBXFileReference; lastKnownFileType = sourcecode.swift; path = SceneDelegate.swift; sourceTree = "<group>"; };
		6C460515239EDE860069427F /* ViewController.swift */ = {isa = PBXFileReference; lastKnownFileType = sourcecode.swift; path = ViewController.swift; sourceTree = "<group>"; };
		6C460518239EDE860069427F /* Base */ = {isa = PBXFileReference; lastKnownFileType = file.storyboard; name = Base; path = Base.lproj/Main.storyboard; sourceTree = "<group>"; };
		6C46051A239EDE8A0069427F /* Assets.xcassets */ = {isa = PBXFileReference; lastKnownFileType = folder.assetcatalog; path = Assets.xcassets; sourceTree = "<group>"; };
		6C46051D239EDE8A0069427F /* Base */ = {isa = PBXFileReference; lastKnownFileType = file.storyboard; name = Base; path = Base.lproj/LaunchScreen.storyboard; sourceTree = "<group>"; };
		6C46051F239EDE8A0069427F /* Info.plist */ = {isa = PBXFileReference; lastKnownFileType = text.plist.xml; path = Info.plist; sourceTree = "<group>"; };
		6C460524239EDE8A0069427F /* SnakeGame-MachineLearning-Tests.xctest */ = {isa = PBXFileReference; explicitFileType = wrapper.cfbundle; includeInIndex = 0; path = "SnakeGame-MachineLearning-Tests.xctest"; sourceTree = BUILT_PRODUCTS_DIR; };
		6C460528239EDE8A0069427F /* SnakeGame_MachineLearning_Tests.swift */ = {isa = PBXFileReference; lastKnownFileType = sourcecode.swift; path = SnakeGame_MachineLearning_Tests.swift; sourceTree = "<group>"; };
		6C46052A239EDE8A0069427F /* Info.plist */ = {isa = PBXFileReference; lastKnownFileType = text.plist.xml; path = Info.plist; sourceTree = "<group>"; };
		6C460533239EDEE00069427F /* CustomData.swift */ = {isa = PBXFileReference; lastKnownFileType = sourcecode.swift; path = CustomData.swift; sourceTree = "<group>"; };
		6C460537239F22EA0069427F /* LearningData.swift */ = {isa = PBXFileReference; lastKnownFileType = sourcecode.swift; path = LearningData.swift; sourceTree = "<group>"; };
/* End PBXFileReference section */

/* Begin PBXFrameworksBuildPhase section */
		6C46050B239EDE860069427F /* Frameworks */ = {
			isa = PBXFrameworksBuildPhase;
			buildActionMask = 2147483647;
			files = (
			);
			runOnlyForDeploymentPostprocessing = 0;
		};
		6C460521239EDE8A0069427F /* Frameworks */ = {
			isa = PBXFrameworksBuildPhase;
			buildActionMask = 2147483647;
			files = (
			);
			runOnlyForDeploymentPostprocessing = 0;
		};
/* End PBXFrameworksBuildPhase section */

/* Begin PBXGroup section */
		6C460505239EDE860069427F = {
			isa = PBXGroup;
			children = (
				6C460510239EDE860069427F /* SnakeGame-MachineLearning- */,
				6C460527239EDE8A0069427F /* SnakeGame-MachineLearning-Tests */,
				6C46050F239EDE860069427F /* Products */,
			);
			sourceTree = "<group>";
		};
		6C46050F239EDE860069427F /* Products */ = {
			isa = PBXGroup;
			children = (
				6C46050E239EDE860069427F /* SnakeGame-MachineLearning-.app */,
				6C460524239EDE8A0069427F /* SnakeGame-MachineLearning-Tests.xctest */,
			);
			name = Products;
			sourceTree = "<group>";
		};
		6C460510239EDE860069427F /* SnakeGame-MachineLearning- */ = {
			isa = PBXGroup;
			children = (
				6C460511239EDE860069427F /* AppDelegate.swift */,
				6C460513239EDE860069427F /* SceneDelegate.swift */,
				6C460515239EDE860069427F /* ViewController.swift */,
				6C460537239F22EA0069427F /* LearningData.swift */,
				6C460533239EDEE00069427F /* CustomData.swift */,
				6C460517239EDE860069427F /* Main.storyboard */,
				6C46051A239EDE8A0069427F /* Assets.xcassets */,
				6C46051C239EDE8A0069427F /* LaunchScreen.storyboard */,
				6C46051F239EDE8A0069427F /* Info.plist */,
			);
			path = "SnakeGame-MachineLearning-";
			sourceTree = "<group>";
		};
		6C460527239EDE8A0069427F /* SnakeGame-MachineLearning-Tests */ = {
			isa = PBXGroup;
			children = (
				6C460528239EDE8A0069427F /* SnakeGame_MachineLearning_Tests.swift */,
				6C46052A239EDE8A0069427F /* Info.plist */,
			);
			path = "SnakeGame-MachineLearning-Tests";
			sourceTree = "<group>";
		};
/* End PBXGroup section */

/* Begin PBXNativeTarget section */
		6C46050D239EDE860069427F /* SnakeGame-MachineLearning- */ = {
			isa = PBXNativeTarget;
			buildConfigurationList = 6C46052D239EDE8B0069427F /* Build configuration list for PBXNativeTarget "SnakeGame-MachineLearning-" */;
			buildPhases = (
				6C46050A239EDE860069427F /* Sources */,
				6C46050B239EDE860069427F /* Frameworks */,
				6C46050C239EDE860069427F /* Resources */,
			);
			buildRules = (
			);
			dependencies = (
			);
			name = "SnakeGame-MachineLearning-";
			productName = "SnakeGame-MachineLearning-";
			productReference = 6C46050E239EDE860069427F /* SnakeGame-MachineLearning-.app */;
			productType = "com.apple.product-type.application";
		};
		6C460523239EDE8A0069427F /* SnakeGame-MachineLearning-Tests */ = {
			isa = PBXNativeTarget;
			buildConfigurationList = 6C460530239EDE8B0069427F /* Build configuration list for PBXNativeTarget "SnakeGame-MachineLearning-Tests" */;
			buildPhases = (
				6C460520239EDE8A0069427F /* Sources */,
				6C460521239EDE8A0069427F /* Frameworks */,
				6C460522239EDE8A0069427F /* Resources */,
			);
			buildRules = (
			);
			dependencies = (
				6C460526239EDE8A0069427F /* PBXTargetDependency */,
			);
			name = "SnakeGame-MachineLearning-Tests";
			productName = "SnakeGame-MachineLearning-Tests";
			productReference = 6C460524239EDE8A0069427F /* SnakeGame-MachineLearning-Tests.xctest */;
			productType = "com.apple.product-type.bundle.unit-test";
		};
/* End PBXNativeTarget section */

/* Begin PBXProject section */
		6C460506239EDE860069427F /* Project object */ = {
			isa = PBXProject;
			attributes = {
				LastSwiftUpdateCheck = 1120;
				LastUpgradeCheck = 1120;
				ORGANIZATIONNAME = "Edward O'Neill";
				TargetAttributes = {
					6C46050D239EDE860069427F = {
						CreatedOnToolsVersion = 11.2.1;
					};
					6C460523239EDE8A0069427F = {
						CreatedOnToolsVersion = 11.2.1;
						TestTargetID = 6C46050D239EDE860069427F;
					};
				};
			};
			buildConfigurationList = 6C460509239EDE860069427F /* Build configuration list for PBXProject "SnakeGame-MachineLearning-" */;
			compatibilityVersion = "Xcode 9.3";
			developmentRegion = en;
			hasScannedForEncodings = 0;
			knownRegions = (
				en,
				Base,
			);
			mainGroup = 6C460505239EDE860069427F;
			productRefGroup = 6C46050F239EDE860069427F /* Products */;
			projectDirPath = "";
			projectRoot = "";
			targets = (
				6C46050D239EDE860069427F /* SnakeGame-MachineLearning- */,
				6C460523239EDE8A0069427F /* SnakeGame-MachineLearning-Tests */,
			);
		};
/* End PBXProject section */

/* Begin PBXResourcesBuildPhase section */
		6C46050C239EDE860069427F /* Resources */ = {
			isa = PBXResourcesBuildPhase;
			buildActionMask = 2147483647;
			files = (
				6C46051E239EDE8A0069427F /* LaunchScreen.storyboard in Resources */,
				6C46051B239EDE8A0069427F /* Assets.xcassets in Resources */,
				6C460519239EDE860069427F /* Main.storyboard in Resources */,
			);
			runOnlyForDeploymentPostprocessing = 0;
		};
		6C460522239EDE8A0069427F /* Resources */ = {
			isa = PBXResourcesBuildPhase;
			buildActionMask = 2147483647;
			files = (
			);
			runOnlyForDeploymentPostprocessing = 0;
		};
/* End PBXResourcesBuildPhase section */

/* Begin PBXSourcesBuildPhase section */
		6C46050A239EDE860069427F /* Sources */ = {
			isa = PBXSourcesBuildPhase;